
Microsoft Visual Studio Solution File, Format Version 12.00
# Visual Studio Version 16
VisualStudioVersion = 16.0.32126.315
MinimumVisualStudioVersion = 10.0.40219.1
Project("{FAE04EC0-301F-11D3-BF4B-00C04F79EFBC}") = "BasicsOfCsharp", "BasicsOfCsharp\BasicsOfCsharp.csproj", "{254129C9-7878-4CC4-834E-90715183FA1E}"
EndProject
Project("{FAE04EC0-301F-11D3-BF4B-00C04F79EFBC}") = "StudentInformation", "StudentInformation\StudentInformation.csproj", "{C59144A1-D4A1-4344-A1EB-63A96166FB27}"
EndProject
Global
	GlobalSection(SolutionConfigurationPlatforms) = preSolution
		Debug|Any CPU = Debug|Any CPU
		Release|Any CPU = Release|Any CPU
	EndGlobalSection
	GlobalSection(ProjectConfigurationPlatforms) = postSolution
		{254129C9-7878-4CC4-834E-90715183FA1E}.Debug|Any CPU.ActiveCfg = Debug|Any CPU
		{254129C9-7878-4CC4-834E-90715183FA1E}.Debug|Any CPU.Build.0 = Debug|Any CPU
		{254129C9-7878-4CC4-834E-90715183FA1E}.Release|Any CPU.ActiveCfg = Release|Any CPU
		{254129C9-7878-4CC4-834E-90715183FA1E}.Release|Any CPU.Build.0 = Release|Any CPU
		{C59144A1-D4A1-4344-A1EB-63A96166FB27}.Debug|Any CPU.ActiveCfg = Debug|Any CPU
		{C59144A1-D4A1-4344-A1EB-63A96166FB27}.Debug|Any CPU.Build.0 = Debug|Any CPU
		{C59144A1-D4A1-4344-A1EB-63A96166FB27}.Release|Any CPU.ActiveCfg = Release|Any CPU
		{C59144A1-D4A1-4344-A1EB-63A96166FB27}.Release|Any CPU.Build.0 = Release|Any CPU
	EndGlobalSection
	GlobalSection(SolutionProperties) = preSolution
		HideSolutionNode = FALSE
	EndGlobalSection
	GlobalSection(ExtensibilityGlobals) = postSolution
		SolutionGuid = {DD116968-4198-4E50-A3AB-BC4D4A695DD1}
	EndGlobalSection
EndGlobal
